<?xml version="1.0" encoding="utf-8"?>
<Project ToolsVersion="4.0" xmlns="http://schemas.microsoft.com/developer/msbuild/2003">
  <ItemGroup>
    <Filter Include="Source Files">
      <UniqueIdentifier>{4FC737F1-C7A5-4376-A066-2A32D752A2FF}</UniqueIdentifier>
      <Extensions>cpp;c;cc;cxx;c++;cppm;ixx;def;odl;idl;hpj;bat;asm;asmx</Extensions>
    </Filter>
    <Filter Include="Header Files">
      <UniqueIdentifier>{93995380-89BD-4b04-88EB-625FBE52EBFB}</UniqueIdentifier>
      <Extensions>h;hh;hpp;hxx;h++;hm;inl;inc;ipp;xsd</Extensions>
    </Filter>
    <Filter Include="Resource Files">
      <UniqueIdentifier>{67DA6AB6-F800-4c08-8B7A-83BB121AAD01}</UniqueIdentifier>
      <Extensions>rc;ico;cur;bmp;dlg;rc2;rct;bin;rgs;gif;jpg;jpeg;jpe;resx;tiff;tif;png;wav;mfcribbon-ms</Extensions>
    </Filter>
  </ItemGroup>
  <ItemGroup>
    <ClCompile Include="main.cpp">
      <Filter>Source Files</Filter>
    </ClCompile>
    <ClCompile Include="Command.cpp">
      <Filter>Source Files</Filter>
    </ClCompile>
    <ClCompile Include="IDE.cpp">
      <Filter>Source Files</Filter>
    </ClCompile>
    <ClCompile Include="testing.cpp">
      <Filter>Source Files</Filter>
    </ClCompile>
    <ClCompile Include="ZoomCommand.cpp">
      <Filter>Source Files</Filter>
    </ClCompile>
    <ClCompile Include="InsertCharacterAction.cpp">
      <Filter>Source Files</Filter>
    </ClCompile>
    <ClCompile Include="TabifyAction.cpp">
      <Filter>Source Files</Filter>
    </ClCompile>
    <ClCompile Include="MoveCaretLeftAction.cpp">
      <Filter>Source Files</Filter>
    </ClCompile>
    <ClCompile Include="MoveCaretRightAction.cpp">
      <Filter>Source Files</Filter>
    </ClCompile>
    <ClCompile Include="MoveCaretDownAction.cpp">
      <Filter>Source Files</Filter>
    </ClCompile>
    <ClCompile Include="MoveCaretUpAction.cpp">
      <Filter>Source Files</Filter>
    </ClCompile>
    <ClCompile Include="NewLineAction.cpp">
      <Filter>Source Files</Filter>
    </ClCompile>
    <ClCompile Include="DeleteBeforeAction.cpp">
      <Filter>Source Files</Filter>
    </ClCompile>
    <ClCompile Include="MoveCaretToMouseAction.cpp">
      <Filter>Source Files</Filter>
    </ClCompile>
    <ClCompile Include="PasteAction.cpp">
      <Filter>Source Files</Filter>
    </ClCompile>
    <ClCompile Include="DuplicateLineAction.cpp">
      <Filter>Source Files</Filter>
    </ClCompile>
    <ClCompile Include="IndentAction.cpp">
      <Filter>Source Files</Filter>
    </ClCompile>
  </ItemGroup>
  <ItemGroup>
    <ClInclude Include="Action.h">
      <Filter>Header Files</Filter>
    </ClInclude>
    <ClInclude Include="Command.h">
      <Filter>Header Files</Filter>
    </ClInclude>
    <ClInclude Include="IDE.h">
      <Filter>Header Files</Filter>
    </ClInclude>
    <ClInclude Include="ZoomCommand.h">
      <Filter>Header Files</Filter>
    </ClInclude>
    <ClInclude Include="InsertCharacterAction.h">
      <Filter>Header Files</Filter>
    </ClInclude>
    <ClInclude Include="TabifyAction.h">
      <Filter>Header Files</Filter>
    </ClInclude>
    <ClInclude Include="MoveCaretLeftAction.h">
      <Filter>Header Files</Filter>
    </ClInclude>
    <ClInclude Include="MoveCaretRightAction.h">
      <Filter>Header Files</Filter>
    </ClInclude>
    <ClInclude Include="MoveCaretUpAction.h">
      <Filter>Header Files</Filter>
    </ClInclude>
    <ClInclude Include="MoveCaretDownAction.h">
      <Filter>Header Files</Filter>
    </ClInclude>
    <ClInclude Include="NewLineAction.h">
      <Filter>Header Files</Filter>
    </ClInclude>
    <ClInclude Include="DeleteBeforeAction.h">
      <Filter>Header Files</Filter>
    </ClInclude>
    <ClInclude Include="MoveCaretToMouseAction.h">
      <Filter>Header Files</Filter>
    </ClInclude>
    <ClInclude Include="PasteAction.h">
      <Filter>Header Files</Filter>
    </ClInclude>
    <ClInclude Include="DuplicateLineAction.h">
      <Filter>Header Files</Filter>
    </ClInclude>
    <ClInclude Include="IndentAction.h">
      <Filter>Header Files</Filter>
    </ClInclude>
  </ItemGroup>
</Project>